// !$*UTF8*$!
{
	archiveVersion = 1;
	classes = {
	};
	objectVersion = 50;
	objects = {

/* Begin PBXBuildFile section */
		29665DB5DF47A13A8DAE417B /* Pods_SolarisUV.framework in Frameworks */ = {isa = PBXBuildFile; fileRef = 4F4245BAE2AC6F37A162AA66 /* Pods_SolarisUV.framework */; };
		2B25CFE2229DE6C7009A8B37 /* FirebaseDatabase.swift in Sources */ = {isa = PBXBuildFile; fileRef = 2B25CFE1229DE6C6009A8B37 /* FirebaseDatabase.swift */; };
		2B63D5FD22A1305B000B9899 /* VitaminDHistory.swift in Sources */ = {isa = PBXBuildFile; fileRef = 2B63D5FC22A1305B000B9899 /* VitaminDHistory.swift */; };
		2B700B1C226D92DC00A0FB18 /* AppDelegate.swift in Sources */ = {isa = PBXBuildFile; fileRef = 2B700B1B226D92DC00A0FB18 /* AppDelegate.swift */; };
		2B700B23226D92E600A0FB18 /* Assets.xcassets in Resources */ = {isa = PBXBuildFile; fileRef = 2B700B22226D92E600A0FB18 /* Assets.xcassets */; };
		2B700B26226D92E600A0FB18 /* LaunchScreen.storyboard in Resources */ = {isa = PBXBuildFile; fileRef = 2B700B24226D92E600A0FB18 /* LaunchScreen.storyboard */; };
		2B95C63B229F2A8E0014827F /* PageCell.swift in Sources */ = {isa = PBXBuildFile; fileRef = 2B95C63A229F2A8E0014827F /* PageCell.swift */; };
		2B95C63D229F66230014827F /* PageCell2.swift in Sources */ = {isa = PBXBuildFile; fileRef = 2B95C63C229F66230014827F /* PageCell2.swift */; };
		2B95C63F229F68F10014827F /* PageCell3.swift in Sources */ = {isa = PBXBuildFile; fileRef = 2B95C63E229F68F10014827F /* PageCell3.swift */; };
		2B95C641229FEB360014827F /* PageCell4.swift in Sources */ = {isa = PBXBuildFile; fileRef = 2B95C640229FEB360014827F /* PageCell4.swift */; };
		2BAC33092299FECB0087153F /* SkinType.swift in Sources */ = {isa = PBXBuildFile; fileRef = 2BAC33082299FECB0087153F /* SkinType.swift */; };
		2BAC3310229A0DFB0087153F /* CollectionViewCell.swift in Sources */ = {isa = PBXBuildFile; fileRef = 2BAC330F229A0DFB0087153F /* CollectionViewCell.swift */; };
		2BAC3312229B37B00087153F /* UserAge.swift in Sources */ = {isa = PBXBuildFile; fileRef = 2BAC3311229B37B00087153F /* UserAge.swift */; };
		2BC696A7226E8129009A50FD /* GoogleService-Info.plist in Resources */ = {isa = PBXBuildFile; fileRef = 2BC696A6226E8129009A50FD /* GoogleService-Info.plist */; };
		2BC696A9226E85F3009A50FD /* Main.storyboard in Resources */ = {isa = PBXBuildFile; fileRef = 2BC696A8226E85F3009A50FD /* Main.storyboard */; };
		2BC696AB226E8901009A50FD /* RegisterViewController.swift in Sources */ = {isa = PBXBuildFile; fileRef = 2BC696AA226E8901009A50FD /* RegisterViewController.swift */; };
		2BC696AD226E8932009A50FD /* LogInViewController.swift in Sources */ = {isa = PBXBuildFile; fileRef = 2BC696AC226E8932009A50FD /* LogInViewController.swift */; };
		2BC696AF226E895E009A50FD /* WelcomeViewController.swift in Sources */ = {isa = PBXBuildFile; fileRef = 2BC696AE226E895E009A50FD /* WelcomeViewController.swift */; };
		2BC696B1226E916D009A50FD /* UVViewController.swift in Sources */ = {isa = PBXBuildFile; fileRef = 2BC696B0226E916D009A50FD /* UVViewController.swift */; };
		2BD2FA4522A6659A0074935C /* UVTracker.swift in Sources */ = {isa = PBXBuildFile; fileRef = 2BD2FA4422A665990074935C /* UVTracker.swift */; };
		2BD9F375229B61430078CC64 /* VitaminDProgress.swift in Sources */ = {isa = PBXBuildFile; fileRef = 2BD9F374229B61430078CC64 /* VitaminDProgress.swift */; };
		2BDFF5E022A28EAD000FB64B /* Storage.swift in Sources */ = {isa = PBXBuildFile; fileRef = 2BDFF5DF22A28EAD000FB64B /* Storage.swift */; };
		2BE45383229E79E90017892C /* PageVC.swift in Sources */ = {isa = PBXBuildFile; fileRef = 2BE45382229E79E90017892C /* PageVC.swift */; };
		2BE45386229E8A0F0017892C /* Lato-Light.ttf in Resources */ = {isa = PBXBuildFile; fileRef = 2BE45385229E8A0F0017892C /* Lato-Light.ttf */; };
		2BE45388229E8B360017892C /* Lato-Bold.ttf in Resources */ = {isa = PBXBuildFile; fileRef = 2BE45387229E8B360017892C /* Lato-Bold.ttf */; };
		2BE4538A229E8C660017892C /* Constants.swift in Sources */ = {isa = PBXBuildFile; fileRef = 2BE45389229E8C660017892C /* Constants.swift */; };
		2BE45393229E906E0017892C /* Lato-Hairline.ttf in Resources */ = {isa = PBXBuildFile; fileRef = 2BE4538B229E906C0017892C /* Lato-Hairline.ttf */; };
		2BE45394229E906E0017892C /* Lato-Black.ttf in Resources */ = {isa = PBXBuildFile; fileRef = 2BE4538C229E906C0017892C /* Lato-Black.ttf */; };
		2BE45395229E906E0017892C /* Lato-BlackItalic.ttf in Resources */ = {isa = PBXBuildFile; fileRef = 2BE4538D229E906C0017892C /* Lato-BlackItalic.ttf */; };
		2BE45396229E906E0017892C /* Lato-BoldItalic.ttf in Resources */ = {isa = PBXBuildFile; fileRef = 2BE4538E229E906C0017892C /* Lato-BoldItalic.ttf */; };
		2BE45397229E906E0017892C /* Lato-Regular.ttf in Resources */ = {isa = PBXBuildFile; fileRef = 2BE4538F229E906D0017892C /* Lato-Regular.ttf */; };
		2BE45398229E906E0017892C /* Lato-Italic.ttf in Resources */ = {isa = PBXBuildFile; fileRef = 2BE45390229E906D0017892C /* Lato-Italic.ttf */; };
		2BE45399229E906E0017892C /* Lato-HairlineItalic.ttf in Resources */ = {isa = PBXBuildFile; fileRef = 2BE45391229E906D0017892C /* Lato-HairlineItalic.ttf */; };
		2BE4539A229E906E0017892C /* Lato-LightItalic.ttf in Resources */ = {isa = PBXBuildFile; fileRef = 2BE45392229E906D0017892C /* Lato-LightItalic.ttf */; };
		2BE4539C229E9E7B0017892C /* Extensions.swift in Sources */ = {isa = PBXBuildFile; fileRef = 2BE4539B229E9E7B0017892C /* Extensions.swift */; };
		2BE4539E229EBEE80017892C /* SwipingController.swift in Sources */ = {isa = PBXBuildFile; fileRef = 2BE4539D229EBEE80017892C /* SwipingController.swift */; };
		2BF46E0422988F5B000683BD /* BLECentralViewController.swift in Sources */ = {isa = PBXBuildFile; fileRef = 2BF46E0322988F5B000683BD /* BLECentralViewController.swift */; };
		2BF46E0622988F83000683BD /* UartModuleViewController.swift in Sources */ = {isa = PBXBuildFile; fileRef = 2BF46E0522988F83000683BD /* UartModuleViewController.swift */; };
		2BF46E0822988FD0000683BD /* PeripheralTableViewCell.swift in Sources */ = {isa = PBXBuildFile; fileRef = 2BF46E0722988FD0000683BD /* PeripheralTableViewCell.swift */; };
		2BF46E0A2298901E000683BD /* UUIDKey.swift in Sources */ = {isa = PBXBuildFile; fileRef = 2BF46E092298901E000683BD /* UUIDKey.swift */; };
		2BFC06A2229228FE004513AF /* SideMenuVC.swift in Sources */ = {isa = PBXBuildFile; fileRef = 2BFC06A1229228FE004513AF /* SideMenuVC.swift */; };
		2BFC06A6229247F5004513AF /* MainVC.swift in Sources */ = {isa = PBXBuildFile; fileRef = 2BFC06A5229247F5004513AF /* MainVC.swift */; };
/* End PBXBuildFile section */

/* Begin PBXFileReference section */
		2B25CFE1229DE6C6009A8B37 /* FirebaseDatabase.swift */ = {isa = PBXFileReference; lastKnownFileType = sourcecode.swift; path = FirebaseDatabase.swift; sourceTree = "<group>"; };
		2B63D5FC22A1305B000B9899 /* VitaminDHistory.swift */ = {isa = PBXFileReference; lastKnownFileType = sourcecode.swift; path = VitaminDHistory.swift; sourceTree = "<group>"; };
		2B700B18226D92DB00A0FB18 /* SolarisUV.app */ = {isa = PBXFileReference; explicitFileType = wrapper.application; includeInIndex = 0; path = SolarisUV.app; sourceTree = BUILT_PRODUCTS_DIR; };
		2B700B1B226D92DC00A0FB18 /* AppDelegate.swift */ = {isa = PBXFileReference; lastKnownFileType = sourcecode.swift; path = AppDelegate.swift; sourceTree = "<group>"; };
		2B700B22226D92E600A0FB18 /* Assets.xcassets */ = {isa = PBXFileReference; lastKnownFileType = folder.assetcatalog; name = Assets.xcassets; path = ../Assets.xcassets; sourceTree = "<group>"; };
		2B700B25226D92E600A0FB18 /* Base */ = {isa = PBXFileReference; lastKnownFileType = file.storyboard; name = Base; path = Base.lproj/LaunchScreen.storyboard; sourceTree = "<group>"; };
		2B700B27226D92E600A0FB18 /* Info.plist */ = {isa = PBXFileReference; lastKnownFileType = text.plist.xml; path = Info.plist; sourceTree = "<group>"; };
		2B95C63A229F2A8E0014827F /* PageCell.swift */ = {isa = PBXFileReference; lastKnownFileType = sourcecode.swift; path = PageCell.swift; sourceTree = "<group>"; };
		2B95C63C229F66230014827F /* PageCell2.swift */ = {isa = PBXFileReference; lastKnownFileType = sourcecode.swift; path = PageCell2.swift; sourceTree = "<group>"; };
		2B95C63E229F68F10014827F /* PageCell3.swift */ = {isa = PBXFileReference; lastKnownFileType = sourcecode.swift; path = PageCell3.swift; sourceTree = "<group>"; };
		2B95C640229FEB360014827F /* PageCell4.swift */ = {isa = PBXFileReference; lastKnownFileType = sourcecode.swift; path = PageCell4.swift; sourceTree = "<group>"; };
		2BAC33082299FECB0087153F /* SkinType.swift */ = {isa = PBXFileReference; lastKnownFileType = sourcecode.swift; path = SkinType.swift; sourceTree = "<group>"; };
		2BAC330F229A0DFB0087153F /* CollectionViewCell.swift */ = {isa = PBXFileReference; lastKnownFileType = sourcecode.swift; path = CollectionViewCell.swift; sourceTree = "<group>"; };
		2BAC3311229B37B00087153F /* UserAge.swift */ = {isa = PBXFileReference; lastKnownFileType = sourcecode.swift; path = UserAge.swift; sourceTree = "<group>"; };
		2BC696A6226E8129009A50FD /* GoogleService-Info.plist */ = {isa = PBXFileReference; fileEncoding = 4; lastKnownFileType = text.plist.xml; path = "GoogleService-Info.plist"; sourceTree = "<group>"; };
		2BC696A8226E85F3009A50FD /* Main.storyboard */ = {isa = PBXFileReference; fileEncoding = 4; lastKnownFileType = file.storyboard; path = Main.storyboard; sourceTree = "<group>"; };
		2BC696AA226E8901009A50FD /* RegisterViewController.swift */ = {isa = PBXFileReference; lastKnownFileType = sourcecode.swift; path = RegisterViewController.swift; sourceTree = "<group>"; };
		2BC696AC226E8932009A50FD /* LogInViewController.swift */ = {isa = PBXFileReference; lastKnownFileType = sourcecode.swift; path = LogInViewController.swift; sourceTree = "<group>"; };
		2BC696AE226E895E009A50FD /* WelcomeViewController.swift */ = {isa = PBXFileReference; lastKnownFileType = sourcecode.swift; path = WelcomeViewController.swift; sourceTree = "<group>"; };
		2BC696B0226E916D009A50FD /* UVViewController.swift */ = {isa = PBXFileReference; lastKnownFileType = sourcecode.swift; path = UVViewController.swift; sourceTree = "<group>"; };
		2BD2FA4422A665990074935C /* UVTracker.swift */ = {isa = PBXFileReference; lastKnownFileType = sourcecode.swift; path = UVTracker.swift; sourceTree = "<group>"; };
		2BD9F374229B61430078CC64 /* VitaminDProgress.swift */ = {isa = PBXFileReference; lastKnownFileType = sourcecode.swift; path = VitaminDProgress.swift; sourceTree = "<group>"; };
		2BDFF5DF22A28EAD000FB64B /* Storage.swift */ = {isa = PBXFileReference; lastKnownFileType = sourcecode.swift; path = Storage.swift; sourceTree = "<group>"; };
		2BE45382229E79E90017892C /* PageVC.swift */ = {isa = PBXFileReference; lastKnownFileType = sourcecode.swift; path = PageVC.swift; sourceTree = "<group>"; };
		2BE45385229E8A0F0017892C /* Lato-Light.ttf */ = {isa = PBXFileReference; lastKnownFileType = file; path = "Lato-Light.ttf"; sourceTree = "<group>"; };
		2BE45387229E8B360017892C /* Lato-Bold.ttf */ = {isa = PBXFileReference; lastKnownFileType = file; path = "Lato-Bold.ttf"; sourceTree = "<group>"; };
		2BE45389229E8C660017892C /* Constants.swift */ = {isa = PBXFileReference; lastKnownFileType = sourcecode.swift; path = Constants.swift; sourceTree = "<group>"; };
		2BE4538B229E906C0017892C /* Lato-Hairline.ttf */ = {isa = PBXFileReference; lastKnownFileType = file; path = "Lato-Hairline.ttf"; sourceTree = "<group>"; };
		2BE4538C229E906C0017892C /* Lato-Black.ttf */ = {isa = PBXFileReference; lastKnownFileType = file; path = "Lato-Black.ttf"; sourceTree = "<group>"; };
		2BE4538D229E906C0017892C /* Lato-BlackItalic.ttf */ = {isa = PBXFileReference; lastKnownFileType = file; path = "Lato-BlackItalic.ttf"; sourceTree = "<group>"; };
		2BE4538E229E906C0017892C /* Lato-BoldItalic.ttf */ = {isa = PBXFileReference; lastKnownFileType = file; path = "Lato-BoldItalic.ttf"; sourceTree = "<group>"; };
		2BE4538F229E906D0017892C /* Lato-Regular.ttf */ = {isa = PBXFileReference; lastKnownFileType = file; path = "Lato-Regular.ttf"; sourceTree = "<group>"; };
		2BE45390229E906D0017892C /* Lato-Italic.ttf */ = {isa = PBXFileReference; lastKnownFileType = file; path = "Lato-Italic.ttf"; sourceTree = "<group>"; };
		2BE45391229E906D0017892C /* Lato-HairlineItalic.ttf */ = {isa = PBXFileReference; lastKnownFileType = file; path = "Lato-HairlineItalic.ttf"; sourceTree = "<group>"; };
		2BE45392229E906D0017892C /* Lato-LightItalic.ttf */ = {isa = PBXFileReference; lastKnownFileType = file; path = "Lato-LightItalic.ttf"; sourceTree = "<group>"; };
		2BE4539B229E9E7B0017892C /* Extensions.swift */ = {isa = PBXFileReference; lastKnownFileType = sourcecode.swift; path = Extensions.swift; sourceTree = "<group>"; };
		2BE4539D229EBEE80017892C /* SwipingController.swift */ = {isa = PBXFileReference; lastKnownFileType = sourcecode.swift; path = SwipingController.swift; sourceTree = "<group>"; };
		2BF46E0322988F5B000683BD /* BLECentralViewController.swift */ = {isa = PBXFileReference; lastKnownFileType = sourcecode.swift; path = BLECentralViewController.swift; sourceTree = "<group>"; };
		2BF46E0522988F83000683BD /* UartModuleViewController.swift */ = {isa = PBXFileReference; lastKnownFileType = sourcecode.swift; path = UartModuleViewController.swift; sourceTree = "<group>"; };
		2BF46E0722988FD0000683BD /* PeripheralTableViewCell.swift */ = {isa = PBXFileReference; lastKnownFileType = sourcecode.swift; path = PeripheralTableViewCell.swift; sourceTree = "<group>"; };
		2BF46E092298901E000683BD /* UUIDKey.swift */ = {isa = PBXFileReference; lastKnownFileType = sourcecode.swift; path = UUIDKey.swift; sourceTree = "<group>"; };
		2BFC06A1229228FE004513AF /* SideMenuVC.swift */ = {isa = PBXFileReference; lastKnownFileType = sourcecode.swift; path = SideMenuVC.swift; sourceTree = "<group>"; };
		2BFC06A5229247F5004513AF /* MainVC.swift */ = {isa = PBXFileReference; lastKnownFileType = sourcecode.swift; path = MainVC.swift; sourceTree = "<group>"; };
		4F4245BAE2AC6F37A162AA66 /* Pods_SolarisUV.framework */ = {isa = PBXFileReference; explicitFileType = wrapper.framework; includeInIndex = 0; path = Pods_SolarisUV.framework; sourceTree = BUILT_PRODUCTS_DIR; };
		66871634BCF8FAD5F87D55D8 /* Pods-SolarisUV.release.xcconfig */ = {isa = PBXFileReference; includeInIndex = 1; lastKnownFileType = text.xcconfig; name = "Pods-SolarisUV.release.xcconfig"; path = "Target Support Files/Pods-SolarisUV/Pods-SolarisUV.release.xcconfig"; sourceTree = "<group>"; };
		918E67F600D0B2552DFDB75C /* Pods-SolarisUV.debug.xcconfig */ = {isa = PBXFileReference; includeInIndex = 1; lastKnownFileType = text.xcconfig; name = "Pods-SolarisUV.debug.xcconfig"; path = "Target Support Files/Pods-SolarisUV/Pods-SolarisUV.debug.xcconfig"; sourceTree = "<group>"; };
/* End PBXFileReference section */

/* Begin PBXFrameworksBuildPhase section */
		2B700B15226D92DB00A0FB18 /* Frameworks */ = {
			isa = PBXFrameworksBuildPhase;
			buildActionMask = 2147483647;
			files = (
				29665DB5DF47A13A8DAE417B /* Pods_SolarisUV.framework in Frameworks */,
			);
			runOnlyForDeploymentPostprocessing = 0;
		};
/* End PBXFrameworksBuildPhase section */

/* Begin PBXGroup section */
		2B25CFE0229DE653009A8B37 /* Database */ = {
			isa = PBXGroup;
			children = (
				2B25CFE1229DE6C6009A8B37 /* FirebaseDatabase.swift */,
				2BDFF5DF22A28EAD000FB64B /* Storage.swift */,
			);
			path = Database;
			sourceTree = "<group>";
		};
		2B2CCAF2226DA1F2008EEA7B /* Controller */ = {
			isa = PBXGroup;
			children = (
				2B700B1B226D92DC00A0FB18 /* AppDelegate.swift */,
				2BAC330A2299FF740087153F /* Bluetooth */,
				2BAC330B2299FFAC0087153F /* User Authentication */,
				2BAC330E229A021E0087153F /* User Profile */,
				2BD9F373229B60C00078CC64 /* Vitamin D Goal */,
				2B25CFE0229DE653009A8B37 /* Database */,
				2B63E4F822A06F2700DC374C /* WelcomeInfoPages */,
				2BD2FA4422A665990074935C /* UVTracker.swift */,
			);
			path = Controller;
			sourceTree = "<group>";
		};
		2B2CCAF3226DA218008EEA7B /* View */ = {
			isa = PBXGroup;
			children = (
				2B700B24226D92E600A0FB18 /* LaunchScreen.storyboard */,
				2BC696A8226E85F3009A50FD /* Main.storyboard */,
				2BAC330F229A0DFB0087153F /* CollectionViewCell.swift */,
				2B700B22226D92E600A0FB18 /* Assets.xcassets */,
			);
			path = View;
			sourceTree = "<group>";
		};
		2B2CCAF4226DA287008EEA7B /* Model */ = {
			isa = PBXGroup;
			children = (
				2BE45389229E8C660017892C /* Constants.swift */,
				2BE4539B229E9E7B0017892C /* Extensions.swift */,
				2BE45384229E899A0017892C /* Fonts */,
			);
			path = Model;
			sourceTree = "<group>";
		};
		2B2CCAF5226DA298008EEA7B /* Supporting Files */ = {
			isa = PBXGroup;
			children = (
				2B700B27226D92E600A0FB18 /* Info.plist */,
				2BC696A6226E8129009A50FD /* GoogleService-Info.plist */,
			);
			path = "Supporting Files";
			sourceTree = "<group>";
		};
		2B63E4F822A06F2700DC374C /* WelcomeInfoPages */ = {
			isa = PBXGroup;
			children = (
				2BE45382229E79E90017892C /* PageVC.swift */,
				2BE4539D229EBEE80017892C /* SwipingController.swift */,
				2B95C63A229F2A8E0014827F /* PageCell.swift */,
				2B95C63C229F66230014827F /* PageCell2.swift */,
				2B95C63E229F68F10014827F /* PageCell3.swift */,
				2B95C640229FEB360014827F /* PageCell4.swift */,
			);
			path = WelcomeInfoPages;
			sourceTree = "<group>";
		};
		2B700B0F226D92DB00A0FB18 = {
			isa = PBXGroup;
			children = (
				2B700B1A226D92DB00A0FB18 /* SolarisUV */,
				2B700B19226D92DB00A0FB18 /* Products */,
				CD8825769CD241A04B3B4D95 /* Pods */,
				F12753A6A4766AC25CFB3B37 /* Frameworks */,
			);
			sourceTree = "<group>";
		};
		2B700B19226D92DB00A0FB18 /* Products */ = {
			isa = PBXGroup;
			children = (
				2B700B18226D92DB00A0FB18 /* SolarisUV.app */,
			);
			name = Products;
			sourceTree = "<group>";
		};
		2B700B1A226D92DB00A0FB18 /* SolarisUV */ = {
			isa = PBXGroup;
			children = (
				2B2CCAF4226DA287008EEA7B /* Model */,
				2B2CCAF3226DA218008EEA7B /* View */,
				2B2CCAF2226DA1F2008EEA7B /* Controller */,
				2B2CCAF5226DA298008EEA7B /* Supporting Files */,
			);
			path = SolarisUV;
			sourceTree = "<group>";
		};
		2BAC330A2299FF740087153F /* Bluetooth */ = {
			isa = PBXGroup;
			children = (
				2BF46E0522988F83000683BD /* UartModuleViewController.swift */,
				2BF46E0722988FD0000683BD /* PeripheralTableViewCell.swift */,
				2BF46E092298901E000683BD /* UUIDKey.swift */,
				2BAC330C229A00150087153F /* UV Sensor Data */,
			);
			path = Bluetooth;
			sourceTree = "<group>";
		};
		2BAC330B2299FFAC0087153F /* User Authentication */ = {
			isa = PBXGroup;
			children = (
				2BC696AA226E8901009A50FD /* RegisterViewController.swift */,
				2BC696AC226E8932009A50FD /* LogInViewController.swift */,
				2BC696AE226E895E009A50FD /* WelcomeViewController.swift */,
				2BAC330D229A00A80087153F /* Side Menu  */,
			);
			path = "User Authentication";
			sourceTree = "<group>";
		};
		2BAC330C229A00150087153F /* UV Sensor Data */ = {
			isa = PBXGroup;
			children = (
				2BF46E0322988F5B000683BD /* BLECentralViewController.swift */,
			);
			path = "UV Sensor Data";
			sourceTree = "<group>";
		};
		2BAC330D229A00A80087153F /* Side Menu  */ = {
			isa = PBXGroup;
			children = (
				2BC696B0226E916D009A50FD /* UVViewController.swift */,
				2BFC06A1229228FE004513AF /* SideMenuVC.swift */,
				2BFC06A5229247F5004513AF /* MainVC.swift */,
			);
			path = "Side Menu ";
			sourceTree = "<group>";
		};
		2BAC330E229A021E0087153F /* User Profile */ = {
			isa = PBXGroup;
			children = (
				2BAC33082299FECB0087153F /* SkinType.swift */,
				2BAC3311229B37B00087153F /* UserAge.swift */,
			);
			path = "User Profile";
			sourceTree = "<group>";
		};
		2BD9F373229B60C00078CC64 /* Vitamin D Goal */ = {
			isa = PBXGroup;
			children = (
				2BD9F374229B61430078CC64 /* VitaminDProgress.swift */,
				2B63D5FC22A1305B000B9899 /* VitaminDHistory.swift */,
			);
			path = "Vitamin D Goal";
			sourceTree = "<group>";
		};
		2BE45384229E899A0017892C /* Fonts */ = {
			isa = PBXGroup;
			children = (
				2BE4538C229E906C0017892C /* Lato-Black.ttf */,
				2BE4538D229E906C0017892C /* Lato-BlackItalic.ttf */,
				2BE4538E229E906C0017892C /* Lato-BoldItalic.ttf */,
				2BE4538B229E906C0017892C /* Lato-Hairline.ttf */,
				2BE45391229E906D0017892C /* Lato-HairlineItalic.ttf */,
				2BE45390229E906D0017892C /* Lato-Italic.ttf */,
				2BE45392229E906D0017892C /* Lato-LightItalic.ttf */,
				2BE4538F229E906D0017892C /* Lato-Regular.ttf */,
				2BE45385229E8A0F0017892C /* Lato-Light.ttf */,
				2BE45387229E8B360017892C /* Lato-Bold.ttf */,
			);
			path = Fonts;
			sourceTree = "<group>";
		};
		CD8825769CD241A04B3B4D95 /* Pods */ = {
			isa = PBXGroup;
			children = (
				918E67F600D0B2552DFDB75C /* Pods-SolarisUV.debug.xcconfig */,
				66871634BCF8FAD5F87D55D8 /* Pods-SolarisUV.release.xcconfig */,
			);
			path = Pods;
			sourceTree = "<group>";
		};
		F12753A6A4766AC25CFB3B37 /* Frameworks */ = {
			isa = PBXGroup;
			children = (
				4F4245BAE2AC6F37A162AA66 /* Pods_SolarisUV.framework */,
			);
			name = Frameworks;
			sourceTree = "<group>";
		};
/* End PBXGroup section */

/* Begin PBXNativeTarget section */
		2B700B17226D92DB00A0FB18 /* SolarisUV */ = {
			isa = PBXNativeTarget;
			buildConfigurationList = 2B700B2A226D92E600A0FB18 /* Build configuration list for PBXNativeTarget "SolarisUV" */;
			buildPhases = (
				33210F7D710B1BB097291EA5 /* [CP] Check Pods Manifest.lock */,
				2B700B14226D92DB00A0FB18 /* Sources */,
				2B700B15226D92DB00A0FB18 /* Frameworks */,
				2B700B16226D92DB00A0FB18 /* Resources */,
				0F7EDCA8ED7DB7E567AF4CFC /* [CP] Embed Pods Frameworks */,
			);
			buildRules = (
			);
			dependencies = (
			);
			name = SolarisUV;
			productName = SolarisUV;
			productReference = 2B700B18226D92DB00A0FB18 /* SolarisUV.app */;
			productType = "com.apple.product-type.application";
		};
/* End PBXNativeTarget section */

/* Begin PBXProject section */
		2B700B10226D92DB00A0FB18 /* Project object */ = {
			isa = PBXProject;
			attributes = {
				LastSwiftUpdateCheck = 1020;
				LastUpgradeCheck = 1020;
				ORGANIZATIONNAME = "Sahiti Gajjala";
				TargetAttributes = {
					2B700B17226D92DB00A0FB18 = {
						CreatedOnToolsVersion = 10.2.1;
					};
				};
			};
			buildConfigurationList = 2B700B13226D92DB00A0FB18 /* Build configuration list for PBXProject "SolarisUV" */;
			compatibilityVersion = "Xcode 9.3";
			developmentRegion = en;
			hasScannedForEncodings = 0;
			knownRegions = (
				en,
				Base,
			);
			mainGroup = 2B700B0F226D92DB00A0FB18;
			productRefGroup = 2B700B19226D92DB00A0FB18 /* Products */;
			projectDirPath = "";
			projectRoot = "";
			targets = (
				2B700B17226D92DB00A0FB18 /* SolarisUV */,
			);
		};
/* End PBXProject section */

/* Begin PBXResourcesBuildPhase section */
		2B700B16226D92DB00A0FB18 /* Resources */ = {
			isa = PBXResourcesBuildPhase;
			buildActionMask = 2147483647;
			files = (
				2BE45386229E8A0F0017892C /* Lato-Light.ttf in Resources */,
				2BE45393229E906E0017892C /* Lato-Hairline.ttf in Resources */,
				2BE45388229E8B360017892C /* Lato-Bold.ttf in Resources */,
				2B700B26226D92E600A0FB18 /* LaunchScreen.storyboard in Resources */,
				2BE45394229E906E0017892C /* Lato-Black.ttf in Resources */,
				2BE45395229E906E0017892C /* Lato-BlackItalic.ttf in Resources */,
				2BC696A7226E8129009A50FD /* GoogleService-Info.plist in Resources */,
				2BE45399229E906E0017892C /* Lato-HairlineItalic.ttf in Resources */,
				2B700B23226D92E600A0FB18 /* Assets.xcassets in Resources */,
				2BC696A9226E85F3009A50FD /* Main.storyboard in Resources */,
				2BE45396229E906E0017892C /* Lato-BoldItalic.ttf in Resources */,
				2BE45398229E906E0017892C /* Lato-Italic.ttf in Resources */,
				2BE45397229E906E0017892C /* Lato-Regular.ttf in Resources */,
				2BE4539A229E906E0017892C /* Lato-LightItalic.ttf in Resources */,
			);
			runOnlyForDeploymentPostprocessing = 0;
		};
/* End PBXResourcesBuildPhase section */

/* Begin PBXShellScriptBuildPhase section */
		0F7EDCA8ED7DB7E567AF4CFC /* [CP] Embed Pods Frameworks */ = {
			isa = PBXShellScriptBuildPhase;
			buildActionMask = 2147483647;
			files = (
			);
			inputFileListPaths = (
			);
			inputPaths = (
				"${PODS_ROOT}/Target Support Files/Pods-SolarisUV/Pods-SolarisUV-frameworks.sh",
				"${BUILT_PRODUCTS_DIR}/ChameleonFramework/ChameleonFramework.framework",
				"${BUILT_PRODUCTS_DIR}/GTMSessionFetcher/GTMSessionFetcher.framework",
				"${BUILT_PRODUCTS_DIR}/GoogleUtilities/GoogleUtilities.framework",
				"${BUILT_PRODUCTS_DIR}/Macaw/Macaw.framework",
				"${BUILT_PRODUCTS_DIR}/SVProgressHUD/SVProgressHUD.framework",
				"${BUILT_PRODUCTS_DIR}/SWXMLHash/SWXMLHash.framework",
				"${BUILT_PRODUCTS_DIR}/SwiftCharts/SwiftCharts.framework",
				"${BUILT_PRODUCTS_DIR}/leveldb-library/leveldb.framework",
				"${BUILT_PRODUCTS_DIR}/nanopb/nanopb.framework",
			);
			name = "[CP] Embed Pods Frameworks";
			outputFileListPaths = (
			);
			outputPaths = (
				"${TARGET_BUILD_DIR}/${FRAMEWORKS_FOLDER_PATH}/ChameleonFramework.framework",
				"${TARGET_BUILD_DIR}/${FRAMEWORKS_FOLDER_PATH}/GTMSessionFetcher.framework",
				"${TARGET_BUILD_DIR}/${FRAMEWORKS_FOLDER_PATH}/GoogleUtilities.framework",
				"${TARGET_BUILD_DIR}/${FRAMEWORKS_FOLDER_PATH}/Macaw.framework",
				"${TARGET_BUILD_DIR}/${FRAMEWORKS_FOLDER_PATH}/SVProgressHUD.framework",
				"${TARGET_BUILD_DIR}/${FRAMEWORKS_FOLDER_PATH}/SWXMLHash.framework",
				"${TARGET_BUILD_DIR}/${FRAMEWORKS_FOLDER_PATH}/SwiftCharts.framework",
				"${TARGET_BUILD_DIR}/${FRAMEWORKS_FOLDER_PATH}/leveldb.framework",
				"${TARGET_BUILD_DIR}/${FRAMEWORKS_FOLDER_PATH}/nanopb.framework",
			);
			runOnlyForDeploymentPostprocessing = 0;
			shellPath = /bin/sh;
			shellScript = "\"${PODS_ROOT}/Target Support Files/Pods-SolarisUV/Pods-SolarisUV-frameworks.sh\"\n";
			showEnvVarsInLog = 0;
		};
		33210F7D710B1BB097291EA5 /* [CP] Check Pods Manifest.lock */ = {
			isa = PBXShellScriptBuildPhase;
			buildActionMask = 2147483647;
			files = (
			);
			inputFileListPaths = (
			);
			inputPaths = (
				"${PODS_PODFILE_DIR_PATH}/Podfile.lock",
				"${PODS_ROOT}/Manifest.lock",
			);
			name = "[CP] Check Pods Manifest.lock";
			outputFileListPaths = (
			);
			outputPaths = (
				"$(DERIVED_FILE_DIR)/Pods-SolarisUV-checkManifestLockResult.txt",
			);
			runOnlyForDeploymentPostprocessing = 0;
			shellPath = /bin/sh;
			shellScript = "diff \"${PODS_PODFILE_DIR_PATH}/Podfile.lock\" \"${PODS_ROOT}/Manifest.lock\" > /dev/null\nif [ $? != 0 ] ; then\n    # print error to STDERR\n    echo \"error: The sandbox is not in sync with the Podfile.lock. Run 'pod install' or update your CocoaPods installation.\" >&2\n    exit 1\nfi\n# This output is used by Xcode 'outputs' to avoid re-running this script phase.\necho \"SUCCESS\" > \"${SCRIPT_OUTPUT_FILE_0}\"\n";
			showEnvVarsInLog = 0;
		};
/* End PBXShellScriptBuildPhase section */

/* Begin PBXSourcesBuildPhase section */
		2B700B14226D92DB00A0FB18 /* Sources */ = {
			isa = PBXSourcesBuildPhase;
			buildActionMask = 2147483647;
			files = (
				2BAC33092299FECB0087153F /* SkinType.swift in Sources */,
				2BC696AD226E8932009A50FD /* LogInViewController.swift in Sources */,
				2BC696B1226E916D009A50FD /* UVViewController.swift in Sources */,
				2BE4539E229EBEE80017892C /* SwipingController.swift in Sources */,
				2BD2FA4522A6659A0074935C /* UVTracker.swift in Sources */,
				2BFC06A2229228FE004513AF /* SideMenuVC.swift in Sources */,
				2BE45383229E79E90017892C /* PageVC.swift in Sources */,
				2BF46E0822988FD0000683BD /* PeripheralTableViewCell.swift in Sources */,
				2BC696AF226E895E009A50FD /* WelcomeViewController.swift in Sources */,
				2BE4539C229E9E7B0017892C /* Extensions.swift in Sources */,
				2BF46E0422988F5B000683BD /* BLECentralViewController.swift in Sources */,
				2B25CFE2229DE6C7009A8B37 /* FirebaseDatabase.swift in Sources */,
				2B95C641229FEB360014827F /* PageCell4.swift in Sources */,
				2BC696AB226E8901009A50FD /* RegisterViewController.swift in Sources */,
				2BAC3312229B37B00087153F /* UserAge.swift in Sources */,
				2BAC3310229A0DFB0087153F /* CollectionViewCell.swift in Sources */,
				2BD9F375229B61430078CC64 /* VitaminDProgress.swift in Sources */,
				2B700B1C226D92DC00A0FB18 /* AppDelegate.swift in Sources */,
				2BF46E0622988F83000683BD /* UartModuleViewController.swift in Sources */,
				2BFC06A6229247F5004513AF /* MainVC.swift in Sources */,
				2BF46E0A2298901E000683BD /* UUIDKey.swift in Sources */,
				2B95C63F229F68F10014827F /* PageCell3.swift in Sources */,
				2BE4538A229E8C660017892C /* Constants.swift in Sources */,
				2B95C63B229F2A8E0014827F /* PageCell.swift in Sources */,
				2B95C63D229F66230014827F /* PageCell2.swift in Sources */,
				2B63D5FD22A1305B000B9899 /* VitaminDHistory.swift in Sources */,
				2BDFF5E022A28EAD000FB64B /* Storage.swift in Sources */,
			);
			runOnlyForDeploymentPostprocessing = 0;
		};
/* End PBXSourcesBuildPhase section */

/* Begin PBXVariantGroup section */
		2B700B24226D92E600A0FB18 /* LaunchScreen.storyboard */ = {
			isa = PBXVariantGroup;
			children = (
				2B700B25226D92E600A0FB18 /* Base */,
			);
			name = LaunchScreen.storyboard;
			sourceTree = "<group>";
		};
/* End PBXVariantGroup section */

/* Begin XCBuildConfiguration section */
		2B700B28226D92E600A0FB18 /* Debug */ = {
			isa = XCBuildConfiguration;
			buildSettings = {
				ALWAYS_SEARCH_USER_PATHS = NO;
				CLANG_ANALYZER_NONNULL = YES;
				CLANG_ANALYZER_NUMBER_OBJECT_CONVERSION = YES_AGGRESSIVE;
				CLANG_CXX_LANGUAGE_STANDARD = "gnu++14";
				CLANG_CXX_LIBRARY = "libc++";
				CLANG_ENABLE_MODULES = YES;
				CLANG_ENABLE_OBJC_ARC = YES;
				CLANG_ENABLE_OBJC_WEAK = YES;
				CLANG_WARN_BLOCK_CAPTURE_AUTORELEASING = YES;
				CLANG_WARN_BOOL_CONVERSION = YES;
				CLANG_WARN_COMMA = YES;
				CLANG_WARN_CONSTANT_CONVERSION = YES;
				CLANG_WARN_DEPRECATED_OBJC_IMPLEMENTATIONS = YES;
				CLANG_WARN_DIRECT_OBJC_ISA_USAGE = YES_ERROR;
				CLANG_WARN_DOCUMENTATION_COMMENTS = YES;
				CLANG_WARN_EMPTY_BODY = YES;
				CLANG_WARN_ENUM_CONVERSION = YES;
				CLANG_WARN_INFINITE_RECURSION = YES;
				CLANG_WARN_INT_CONVERSION = YES;
				CLANG_WARN_NON_LITERAL_NULL_CONVERSION = YES;
				CLANG_WARN_OBJC_IMPLICIT_RETAIN_SELF = YES;
				CLANG_WARN_OBJC_LITERAL_CONVERSION = YES;
				CLANG_WARN_OBJC_ROOT_CLASS = YES_ERROR;
				CLANG_WARN_RANGE_LOOP_ANALYSIS = YES;
				CLANG_WARN_STRICT_PROTOTYPES = YES;
				CLANG_WARN_SUSPICIOUS_MOVE = YES;
				CLANG_WARN_UNGUARDED_AVAILABILITY = YES_AGGRESSIVE;
				CLANG_WARN_UNREACHABLE_CODE = YES;
				CLANG_WARN__DUPLICATE_METHOD_MATCH = YES;
				CODE_SIGN_IDENTITY = "iPhone Developer";
				COPY_PHASE_STRIP = NO;
				DEBUG_INFORMATION_FORMAT = dwarf;
				ENABLE_STRICT_OBJC_MSGSEND = YES;
				ENABLE_TESTABILITY = YES;
				GCC_C_LANGUAGE_STANDARD = gnu11;
				GCC_DYNAMIC_NO_PIC = NO;
				GCC_NO_COMMON_BLOCKS = YES;
				GCC_OPTIMIZATION_LEVEL = 0;
				GCC_PREPROCESSOR_DEFINITIONS = (
					"DEBUG=1",
					"$(inherited)",
				);
				GCC_WARN_64_TO_32_BIT_CONVERSION = YES;
				GCC_WARN_ABOUT_RETURN_TYPE = YES_ERROR;
				GCC_WARN_UNDECLARED_SELECTOR = YES;
				GCC_WARN_UNINITIALIZED_AUTOS = YES_AGGRESSIVE;
				GCC_WARN_UNUSED_FUNCTION = YES;
				GCC_WARN_UNUSED_VARIABLE = YES;
				IPHONEOS_DEPLOYMENT_TARGET = 12.2;
				MTL_ENABLE_DEBUG_INFO = INCLUDE_SOURCE;
				MTL_FAST_MATH = YES;
				ONLY_ACTIVE_ARCH = YES;
				SDKROOT = iphoneos;
				SWIFT_ACTIVE_COMPILATION_CONDITIONS = DEBUG;
				SWIFT_OPTIMIZATION_LEVEL = "-Onone";
			};
			name = Debug;
		};
		2B700B29226D92E600A0FB18 /* Release */ = {
			isa = XCBuildConfiguration;
			buildSettings = {
				ALWAYS_SEARCH_USER_PATHS = NO;
				CLANG_ANALYZER_NONNULL = YES;
				CLANG_ANALYZER_NUMBER_OBJECT_CONVERSION = YES_AGGRESSIVE;
				CLANG_CXX_LANGUAGE_STANDARD = "gnu++14";
				CLANG_CXX_LIBRARY = "libc++";
				CLANG_ENABLE_MODULES = YES;
				CLANG_ENABLE_OBJC_ARC = YES;
				CLANG_ENABLE_OBJC_WEAK = YES;
				CLANG_WARN_BLOCK_CAPTURE_AUTORELEASING = YES;
				CLANG_WARN_BOOL_CONVERSION = YES;
				CLANG_WARN_COMMA = YES;
				CLANG_WARN_CONSTANT_CONVERSION = YES;
				CLANG_WARN_DEPRECATED_OBJC_IMPLEMENTATIONS = YES;
				CLANG_WARN_DIRECT_OBJC_ISA_USAGE = YES_ERROR;
				CLANG_WARN_DOCUMENTATION_COMMENTS = YES;
				CLANG_WARN_EMPTY_BODY = YES;
				CLANG_WARN_ENUM_CONVERSION = YES;
				CLANG_WARN_INFINITE_RECURSION = YES;
				CLANG_WARN_INT_CONVERSION = YES;
				CLANG_WARN_NON_LITERAL_NULL_CONVERSION = YES;
				CLANG_WARN_OBJC_IMPLICIT_RETAIN_SELF = YES;
				CLANG_WARN_OBJC_LITERAL_CONVERSION = YES;
				CLANG_WARN_OBJC_ROOT_CLASS = YES_ERROR;
				CLANG_WARN_RANGE_LOOP_ANALYSIS = YES;
				CLANG_WARN_STRICT_PROTOTYPES = YES;
				CLANG_WARN_SUSPICIOUS_MOVE = YES;
				CLANG_WARN_UNGUARDED_AVAILABILITY = YES_AGGRESSIVE;
				CLANG_WARN_UNREACHABLE_CODE = YES;
				CLANG_WARN__DUPLICATE_METHOD_MATCH = YES;
				CODE_SIGN_IDENTITY = "iPhone Developer";
				COPY_PHASE_STRIP = NO;
				DEBUG_INFORMATION_FORMAT = "dwarf-with-dsym";
				ENABLE_NS_ASSERTIONS = NO;
				ENABLE_STRICT_OBJC_MSGSEND = YES;
				GCC_C_LANGUAGE_STANDARD = gnu11;
				GCC_NO_COMMON_BLOCKS = YES;
				GCC_WARN_64_TO_32_BIT_CONVERSION = YES;
				GCC_WARN_ABOUT_RETURN_TYPE = YES_ERROR;
				GCC_WARN_UNDECLARED_SELECTOR = YES;
				GCC_WARN_UNINITIALIZED_AUTOS = YES_AGGRESSIVE;
				GCC_WARN_UNUSED_FUNCTION = YES;
				GCC_WARN_UNUSED_VARIABLE = YES;
				IPHONEOS_DEPLOYMENT_TARGET = 12.2;
				MTL_ENABLE_DEBUG_INFO = NO;
				MTL_FAST_MATH = YES;
				SDKROOT = iphoneos;
				SWIFT_COMPILATION_MODE = wholemodule;
				SWIFT_OPTIMIZATION_LEVEL = "-O";
				VALIDATE_PRODUCT = YES;
			};
			name = Release;
		};
		2B700B2B226D92E600A0FB18 /* Debug */ = {
			isa = XCBuildConfiguration;
			baseConfigurationReference = 918E67F600D0B2552DFDB75C /* Pods-SolarisUV.debug.xcconfig */;
			buildSettings = {
				ASSETCATALOG_COMPILER_APPICON_NAME = AppIcon;
				CODE_SIGN_STYLE = Automatic;
				DEVELOPMENT_TEAM = 2FJC5YGZSF;
				INFOPLIST_FILE = SolarisUV/Info.plist;
				LD_RUNPATH_SEARCH_PATHS = (
					"$(inherited)",
					"@executable_path/Frameworks",
				);
				PRODUCT_BUNDLE_IDENTIFIER = com.SahitiGajjala.SolarisUV;
				PRODUCT_NAME = "$(TARGET_NAME)";
				SWIFT_VERSION = 5.0;
				TARGETED_DEVICE_FAMILY = 1;
			};
			name = Debug;
		};
		2B700B2C226D92E600A0FB18 /* Release */ = {
			isa = XCBuildConfiguration;
			baseConfigurationReference = 66871634BCF8FAD5F87D55D8 /* Pods-SolarisUV.release.xcconfig */;
			buildSettings = {
				ASSETCATALOG_COMPILER_APPICON_NAME = AppIcon;
				CODE_SIGN_STYLE = Automatic;
				DEVELOPMENT_TEAM = 2FJC5YGZSF;
				INFOPLIST_FILE = SolarisUV/Info.plist;
				LD_RUNPATH_SEARCH_PATHS = (
					"$(inherited)",
					"@executable_path/Frameworks",
				);
				PRODUCT_BUNDLE_IDENTIFIER = com.SahitiGajjala.SolarisUV;
				PRODUCT_NAME = "$(TARGET_NAME)";
				SWIFT_VERSION = 5.0;
				TARGETED_DEVICE_FAMILY = 1;
			};
			name = Release;
		};
/* End XCBuildConfiguration section */

/* Begin XCConfigurationList section */
		2B700B13226D92DB00A0FB18 /* Build configuration list for PBXProject "SolarisUV" */ = {
			isa = XCConfigurationList;
			buildConfigurations = (
				2B700B28226D92E600A0FB18 /* Debug */,
				2B700B29226D92E600A0FB18 /* Release */,
			);
			defaultConfigurationIsVisible = 0;
			defaultConfigurationName = Release;
		};
		2B700B2A226D92E600A0FB18 /* Build configuration list for PBXNativeTarget "SolarisUV" */ = {
			isa = XCConfigurationList;
			buildConfigurations = (
				2B700B2B226D92E600A0FB18 /* Debug */,
				2B700B2C226D92E600A0FB18 /* Release */,
			);
			defaultConfigurationIsVisible = 0;
			defaultConfigurationName = Release;
		};
/* End XCConfigurationList section */
	};
	rootObject = 2B700B10226D92DB00A0FB18 /* Project object */;
}
